<Solution>
  <Folder Name="/src/">
    <!-- Startbare Projekte zuerst: Visual Studio nimmt sonst das erste
         Projekt als Startprojekt, und eine Klassenbibliothek laesst sich
         nicht starten. -->
    <Project Path="src/SyncTClient.Mount/SyncTClient.Mount.csproj" />
    <Project Path="src/SyncTClient.Gui/SyncTClient.Gui.csproj" />
    <Project Path="src/SyncTClient.Probe/SyncTClient.Probe.csproj" />
    <Project Path="src/SyncTClient.Bep/SyncTClient.Bep.csproj" />
    <Project Path="src/SyncTClient.ThumbProvider/SyncTClient.ThumbProvider.csproj">
      <Platform Project="x64" />
    </Project>
    <Project Path="src/SyncTClient.Vfs/SyncTClient.Vfs.csproj" />
  </Folder>
</Solution>
